<Solution>
  <Project Path="SkillWeaver.API/SkillWeaver.API.csproj" />
  <Project Path="SkillWeaver.AppHost/SkillWeaver.AppHost.csproj" />
  <Project Path="SkillWeaver.Application/SkillWeaver.Application.csproj" />
  <Project Path="SkillWeaver.Domain/SkillWeaver.Domain.csproj" />
  <Project Path="SkillWeaver.Infrastructure/SkillWeaver.Infrastructure.csproj" />
  <Project Path="SkillWeaver.ServiceDefaults/SkillWeaver.ServiceDefaults.csproj" />
</Solution>
